// !$*UTF8*$!
{
	archiveVersion = 1;
	classes = {
	};
	objectVersion = 56;
	objects = {

/* Begin PBXBuildFile section */
		781FB8852C4F1FA20046BBDA /* LocationDataManager.swift in Sources */ = {isa = PBXBuildFile; fileRef = 781FB8842C4F1FA20046BBDA /* LocationDataManager.swift */; };
		78B031F82C976C6C003D6C7C /* SaveRunView.swift in Sources */ = {isa = PBXBuildFile; fileRef = 78B031F72C976C6C003D6C7C /* SaveRunView.swift */; };
		78B031FE2CA30F23003D6C7C /* DataController.swift in Sources */ = {isa = PBXBuildFile; fileRef = 78B031FD2CA30F23003D6C7C /* DataController.swift */; };
		78D14C302CA6006900FF16AC /* Run.xcdatamodeld in Sources */ = {isa = PBXBuildFile; fileRef = 78D14C2E2CA6006900FF16AC /* Run.xcdatamodeld */; };
		78D14C6E2CA7682700FF16AC /* HistoryView.swift in Sources */ = {isa = PBXBuildFile; fileRef = 78D14C6D2CA7682700FF16AC /* HistoryView.swift */; };
		78D14C732CA77CB000FF16AC /* Run+CoreDataClass.swift in Sources */ = {isa = PBXBuildFile; fileRef = 78D14C6F2CA77CB000FF16AC /* Run+CoreDataClass.swift */; };
		78D14C742CA77CB000FF16AC /* Run+CoreDataProperties.swift in Sources */ = {isa = PBXBuildFile; fileRef = 78D14C702CA77CB000FF16AC /* Run+CoreDataProperties.swift */; };
		78D14C752CA77CB000FF16AC /* LocationPoint+CoreDataClass.swift in Sources */ = {isa = PBXBuildFile; fileRef = 78D14C712CA77CB000FF16AC /* LocationPoint+CoreDataClass.swift */; };
		78D14C762CA77CB000FF16AC /* LocationPoint+CoreDataProperties.swift in Sources */ = {isa = PBXBuildFile; fileRef = 78D14C722CA77CB000FF16AC /* LocationPoint+CoreDataProperties.swift */; };
		78E8850E2C15FC4D0079A05F /* MapRunApp.swift in Sources */ = {isa = PBXBuildFile; fileRef = 78E8850D2C15FC4D0079A05F /* MapRunApp.swift */; };
		78E885102C15FC4D0079A05F /* ContentView.swift in Sources */ = {isa = PBXBuildFile; fileRef = 78E8850F2C15FC4D0079A05F /* ContentView.swift */; };
		78E885122C15FC4E0079A05F /* Assets.xcassets in Resources */ = {isa = PBXBuildFile; fileRef = 78E885112C15FC4E0079A05F /* Assets.xcassets */; };
		78E885152C15FC4E0079A05F /* Preview Assets.xcassets in Resources */ = {isa = PBXBuildFile; fileRef = 78E885142C15FC4E0079A05F /* Preview Assets.xcassets */; };
/* End PBXBuildFile section */

/* Begin PBXFileReference section */
		781FB8842C4F1FA20046BBDA /* LocationDataManager.swift */ = {isa = PBXFileReference; lastKnownFileType = sourcecode.swift; path = LocationDataManager.swift; sourceTree = "<group>"; };
		781FB8862C53E0990046BBDA /* Info.plist */ = {isa = PBXFileReference; lastKnownFileType = text.plist; path = Info.plist; sourceTree = "<group>"; };
		78B031F72C976C6C003D6C7C /* SaveRunView.swift */ = {isa = PBXFileReference; lastKnownFileType = sourcecode.swift; path = SaveRunView.swift; sourceTree = "<group>"; };
		78B031FD2CA30F23003D6C7C /* DataController.swift */ = {isa = PBXFileReference; lastKnownFileType = sourcecode.swift; path = DataController.swift; sourceTree = "<group>"; };
		78D14C2F2CA6006900FF16AC /* Run.xcdatamodel */ = {isa = PBXFileReference; lastKnownFileType = wrapper.xcdatamodel; path = Run.xcdatamodel; sourceTree = "<group>"; };
		78D14C6D2CA7682700FF16AC /* HistoryView.swift */ = {isa = PBXFileReference; lastKnownFileType = sourcecode.swift; path = HistoryView.swift; sourceTree = "<group>"; };
		78D14C6F2CA77CB000FF16AC /* Run+CoreDataClass.swift */ = {isa = PBXFileReference; lastKnownFileType = sourcecode.swift; path = "Run+CoreDataClass.swift"; sourceTree = "<group>"; };
		78D14C702CA77CB000FF16AC /* Run+CoreDataProperties.swift */ = {isa = PBXFileReference; lastKnownFileType = sourcecode.swift; path = "Run+CoreDataProperties.swift"; sourceTree = "<group>"; };
		78D14C712CA77CB000FF16AC /* LocationPoint+CoreDataClass.swift */ = {isa = PBXFileReference; lastKnownFileType = sourcecode.swift; path = "LocationPoint+CoreDataClass.swift"; sourceTree = "<group>"; };
		78D14C722CA77CB000FF16AC /* LocationPoint+CoreDataProperties.swift */ = {isa = PBXFileReference; lastKnownFileType = sourcecode.swift; path = "LocationPoint+CoreDataProperties.swift"; sourceTree = "<group>"; };
		78E8850A2C15FC4D0079A05F /* MapRun.app */ = {isa = PBXFileReference; explicitFileType = wrapper.application; includeInIndex = 0; path = MapRun.app; sourceTree = BUILT_PRODUCTS_DIR; };
		78E8850D2C15FC4D0079A05F /* MapRunApp.swift */ = {isa = PBXFileReference; lastKnownFileType = sourcecode.swift; path = MapRunApp.swift; sourceTree = "<group>"; };
		78E8850F2C15FC4D0079A05F /* ContentView.swift */ = {isa = PBXFileReference; lastKnownFileType = sourcecode.swift; path = ContentView.swift; sourceTree = "<group>"; };
		78E885112C15FC4E0079A05F /* Assets.xcassets */ = {isa = PBXFileReference; lastKnownFileType = folder.assetcatalog; path = Assets.xcassets; sourceTree = "<group>"; };
		78E885142C15FC4E0079A05F /* Preview Assets.xcassets */ = {isa = PBXFileReference; lastKnownFileType = folder.assetcatalog; path = "Preview Assets.xcassets"; sourceTree = "<group>"; };
/* End PBXFileReference section */

/* Begin PBXFrameworksBuildPhase section */
		78E885072C15FC4C0079A05F /* Frameworks */ = {
			isa = PBXFrameworksBuildPhase;
			buildActionMask = 2147483647;
			files = (
			);
			runOnlyForDeploymentPostprocessing = 0;
		};
/* End PBXFrameworksBuildPhase section */

/* Begin PBXGroup section */
		78D14C772CA8B7F100FF16AC /* Models */ = {
			isa = PBXGroup;
			children = (
				781FB8842C4F1FA20046BBDA /* LocationDataManager.swift */,
			);
			path = Models;
			sourceTree = "<group>";
		};
		78D14C782CA8B83A00FF16AC /* Core Data */ = {
			isa = PBXGroup;
			children = (
				78D14C2E2CA6006900FF16AC /* Run.xcdatamodeld */,
				78D14C792CA8B84A00FF16AC /* Models */,
			);
			path = "Core Data";
			sourceTree = "<group>";
		};
		78D14C792CA8B84A00FF16AC /* Models */ = {
			isa = PBXGroup;
			children = (
				78D14C6F2CA77CB000FF16AC /* Run+CoreDataClass.swift */,
				78D14C702CA77CB000FF16AC /* Run+CoreDataProperties.swift */,
				78D14C712CA77CB000FF16AC /* LocationPoint+CoreDataClass.swift */,
				78D14C722CA77CB000FF16AC /* LocationPoint+CoreDataProperties.swift */,
			);
			path = Models;
			sourceTree = "<group>";
		};
		78D14C7A2CA8B89800FF16AC /* Controllers */ = {
			isa = PBXGroup;
			children = (
				78B031FD2CA30F23003D6C7C /* DataController.swift */,
			);
			path = Controllers;
			sourceTree = "<group>";
		};
		78D14C7B2CA8B8CB00FF16AC /* Views */ = {
			isa = PBXGroup;
			children = (
				78D14C6D2CA7682700FF16AC /* HistoryView.swift */,
				78E8850F2C15FC4D0079A05F /* ContentView.swift */,
				78B031F72C976C6C003D6C7C /* SaveRunView.swift */,
				78E8850D2C15FC4D0079A05F /* MapRunApp.swift */,
			);
			path = Views;
			sourceTree = "<group>";
		};
		78E885012C15FC4C0079A05F = {
			isa = PBXGroup;
			children = (
				78E8850C2C15FC4D0079A05F /* MapRun */,
				78E8850B2C15FC4D0079A05F /* Products */,
			);
			sourceTree = "<group>";
		};
		78E8850B2C15FC4D0079A05F /* Products */ = {
			isa = PBXGroup;
			children = (
				78E8850A2C15FC4D0079A05F /* MapRun.app */,
			);
			name = Products;
			sourceTree = "<group>";
		};
		78E8850C2C15FC4D0079A05F /* MapRun */ = {
			isa = PBXGroup;
			children = (
				78D14C7B2CA8B8CB00FF16AC /* Views */,
				78D14C7A2CA8B89800FF16AC /* Controllers */,
				78D14C782CA8B83A00FF16AC /* Core Data */,
				78D14C772CA8B7F100FF16AC /* Models */,
				781FB8862C53E0990046BBDA /* Info.plist */,
				78E885112C15FC4E0079A05F /* Assets.xcassets */,
				78E885132C15FC4E0079A05F /* Preview Content */,
			);
			path = MapRun;
			sourceTree = "<group>";
		};
		78E885132C15FC4E0079A05F /* Preview Content */ = {
			isa = PBXGroup;
			children = (
				78E885142C15FC4E0079A05F /* Preview Assets.xcassets */,
			);
			path = "Preview Content";
			sourceTree = "<group>";
		};
/* End PBXGroup section */

/* Begin PBXNativeTarget section */
		78E885092C15FC4C0079A05F /* MapRun */ = {
			isa = PBXNativeTarget;
			buildConfigurationList = 78E885182C15FC4E0079A05F /* Build configuration list for PBXNativeTarget "MapRun" */;
			buildPhases = (
				78E885062C15FC4C0079A05F /* Sources */,
				78E885072C15FC4C0079A05F /* Frameworks */,
				78E885082C15FC4C0079A05F /* Resources */,
			);
			buildRules = (
			);
			dependencies = (
			);
			name = MapRun;
			productName = MapRun;
			productReference = 78E8850A2C15FC4D0079A05F /* MapRun.app */;
			productType = "com.apple.product-type.application";
		};
/* End PBXNativeTarget section */

/* Begin PBXProject section */
		78E885022C15FC4C0079A05F /* Project object */ = {
			isa = PBXProject;
			attributes = {
				BuildIndependentTargetsInParallel = 1;
				LastSwiftUpdateCheck = 1540;
				LastUpgradeCheck = 1540;
				TargetAttributes = {
					78E885092C15FC4C0079A05F = {
						CreatedOnToolsVersion = 15.4;
					};
				};
			};
			buildConfigurationList = 78E885052C15FC4C0079A05F /* Build configuration list for PBXProject "MapRun" */;
			compatibilityVersion = "Xcode 14.0";
			developmentRegion = en;
			hasScannedForEncodings = 0;
			knownRegions = (
				en,
				Base,
			);
			mainGroup = 78E885012C15FC4C0079A05F;
			productRefGroup = 78E8850B2C15FC4D0079A05F /* Products */;
			projectDirPath = "";
			projectRoot = "";
			targets = (
				78E885092C15FC4C0079A05F /* MapRun */,
			);
		};
/* End PBXProject section */

/* Begin PBXResourcesBuildPhase section */
		78E885082C15FC4C0079A05F /* Resources */ = {
			isa = PBXResourcesBuildPhase;
			buildActionMask = 2147483647;
			files = (
				78E885152C15FC4E0079A05F /* Preview Assets.xcassets in Resources */,
				78E885122C15FC4E0079A05F /* Assets.xcassets in Resources */,
			);
			runOnlyForDeploymentPostprocessing = 0;
		};
/* End PBXResourcesBuildPhase section */

/* Begin PBXSourcesBuildPhase section */
		78E885062C15FC4C0079A05F /* Sources */ = {
			isa = PBXSourcesBuildPhase;
			buildActionMask = 2147483647;
			files = (
				78B031FE2CA30F23003D6C7C /* DataController.swift in Sources */,
				78D14C302CA6006900FF16AC /* Run.xcdatamodeld in Sources */,
				78D14C732CA77CB000FF16AC /* Run+CoreDataClass.swift in Sources */,
				78D14C742CA77CB000FF16AC /* Run+CoreDataProperties.swift in Sources */,
				78D14C752CA77CB000FF16AC /* LocationPoint+CoreDataClass.swift in Sources */,
				78D14C762CA77CB000FF16AC /* LocationPoint+CoreDataProperties.swift in Sources */,
				78E885102C15FC4D0079A05F /* ContentView.swift in Sources */,
				78E8850E2C15FC4D0079A05F /* MapRunApp.swift in Sources */,
				78B031F82C976C6C003D6C7C /* SaveRunView.swift in Sources */,
				78D14C6E2CA7682700FF16AC /* HistoryView.swift in Sources */,
				781FB8852C4F1FA20046BBDA /* LocationDataManager.swift in Sources */,
			);
			runOnlyForDeploymentPostprocessing = 0;
		};
/* End PBXSourcesBuildPhase section */

/* Begin XCBuildConfiguration section */
		78E885162C15FC4E0079A05F /* Debug */ = {
			isa = XCBuildConfiguration;
			buildSettings = {
				ALWAYS_SEARCH_USER_PATHS = NO;
				ASSETCATALOG_COMPILER_GENERATE_SWIFT_ASSET_SYMBOL_EXTENSIONS = YES;
				CLANG_ANALYZER_NONNULL = YES;
				CLANG_ANALYZER_NUMBER_OBJECT_CONVERSION = YES_AGGRESSIVE;
				CLANG_CXX_LANGUAGE_STANDARD = "gnu++20";
				CLANG_ENABLE_MODULES = YES;
				CLANG_ENABLE_OBJC_ARC = YES;
				CLANG_ENABLE_OBJC_WEAK = YES;
				CLANG_WARN_BLOCK_CAPTURE_AUTORELEASING = YES;
				CLANG_WARN_BOOL_CONVERSION = YES;
				CLANG_WARN_COMMA = YES;
				CLANG_WARN_CONSTANT_CONVERSION = YES;
				CLANG_WARN_DEPRECATED_OBJC_IMPLEMENTATIONS = YES;
				CLANG_WARN_DIRECT_OBJC_ISA_USAGE = YES_ERROR;
				CLANG_WARN_DOCUMENTATION_COMMENTS = YES;
				CLANG_WARN_EMPTY_BODY = YES;
				CLANG_WARN_ENUM_CONVERSION = YES;
				CLANG_WARN_INFINITE_RECURSION = YES;
				CLANG_WARN_INT_CONVERSION = YES;
				CLANG_WARN_NON_LITERAL_NULL_CONVERSION = YES;
				CLANG_WARN_OBJC_IMPLICIT_RETAIN_SELF = YES;
				CLANG_WARN_OBJC_LITERAL_CONVERSION = YES;
				CLANG_WARN_OBJC_ROOT_CLASS = YES_ERROR;
				CLANG_WARN_QUOTED_INCLUDE_IN_FRAMEWORK_HEADER = YES;
				CLANG_WARN_RANGE_LOOP_ANALYSIS = YES;
				CLANG_WARN_STRICT_PROTOTYPES = YES;
				CLANG_WARN_SUSPICIOUS_MOVE = YES;
				CLANG_WARN_UNGUARDED_AVAILABILITY = YES_AGGRESSIVE;
				CLANG_WARN_UNREACHABLE_CODE = YES;
				CLANG_WARN__DUPLICATE_METHOD_MATCH = YES;
				COPY_PHASE_STRIP = NO;
				DEBUG_INFORMATION_FORMAT = dwarf;
				ENABLE_STRICT_OBJC_MSGSEND = YES;
				ENABLE_TESTABILITY = YES;
				ENABLE_USER_SCRIPT_SANDBOXING = YES;
				GCC_C_LANGUAGE_STANDARD = gnu17;
				GCC_DYNAMIC_NO_PIC = NO;
				GCC_NO_COMMON_BLOCKS = YES;
				GCC_OPTIMIZATION_LEVEL = 0;
				GCC_PREPROCESSOR_DEFINITIONS = (
					"DEBUG=1",
					"$(inherited)",
				);
				GCC_WARN_64_TO_32_BIT_CONVERSION = YES;
				GCC_WARN_ABOUT_RETURN_TYPE = YES_ERROR;
				GCC_WARN_UNDECLARED_SELECTOR = YES;
				GCC_WARN_UNINITIALIZED_AUTOS = YES_AGGRESSIVE;
				GCC_WARN_UNUSED_FUNCTION = YES;
				GCC_WARN_UNUSED_VARIABLE = YES;
				IPHONEOS_DEPLOYMENT_TARGET = 17.5;
				LOCALIZATION_PREFERS_STRING_CATALOGS = YES;
				MTL_ENABLE_DEBUG_INFO = INCLUDE_SOURCE;
				MTL_FAST_MATH = YES;
				ONLY_ACTIVE_ARCH = YES;
				SDKROOT = iphoneos;
				SWIFT_ACTIVE_COMPILATION_CONDITIONS = "DEBUG $(inherited)";
				SWIFT_OPTIMIZATION_LEVEL = "-Onone";
			};
			name = Debug;
		};
		78E885172C15FC4E0079A05F /* Release */ = {
			isa = XCBuildConfiguration;
			buildSettings = {
				ALWAYS_SEARCH_USER_PATHS = NO;
				ASSETCATALOG_COMPILER_GENERATE_SWIFT_ASSET_SYMBOL_EXTENSIONS = YES;
				CLANG_ANALYZER_NONNULL = YES;
				CLANG_ANALYZER_NUMBER_OBJECT_CONVERSION = YES_AGGRESSIVE;
				CLANG_CXX_LANGUAGE_STANDARD = "gnu++20";
				CLANG_ENABLE_MODULES = YES;
				CLANG_ENABLE_OBJC_ARC = YES;
				CLANG_ENABLE_OBJC_WEAK = YES;
				CLANG_WARN_BLOCK_CAPTURE_AUTORELEASING = YES;
				CLANG_WARN_BOOL_CONVERSION = YES;
				CLANG_WARN_COMMA = YES;
				CLANG_WARN_CONSTANT_CONVERSION = YES;
				CLANG_WARN_DEPRECATED_OBJC_IMPLEMENTATIONS = YES;
				CLANG_WARN_DIRECT_OBJC_ISA_USAGE = YES_ERROR;
				CLANG_WARN_DOCUMENTATION_COMMENTS = YES;
				CLANG_WARN_EMPTY_BODY = YES;
				CLANG_WARN_ENUM_CONVERSION = YES;
				CLANG_WARN_INFINITE_RECURSION = YES;
				CLANG_WARN_INT_CONVERSION = YES;
				CLANG_WARN_NON_LITERAL_NULL_CONVERSION = YES;
				CLANG_WARN_OBJC_IMPLICIT_RETAIN_SELF = YES;
				CLANG_WARN_OBJC_LITERAL_CONVERSION = YES;
				CLANG_WARN_OBJC_ROOT_CLASS = YES_ERROR;
				CLANG_WARN_QUOTED_INCLUDE_IN_FRAMEWORK_HEADER = YES;
				CLANG_WARN_RANGE_LOOP_ANALYSIS = YES;
				CLANG_WARN_STRICT_PROTOTYPES = YES;
				CLANG_WARN_SUSPICIOUS_MOVE = YES;
				CLANG_WARN_UNGUARDED_AVAILABILITY = YES_AGGRESSIVE;
				CLANG_WARN_UNREACHABLE_CODE = YES;
				CLANG_WARN__DUPLICATE_METHOD_MATCH = YES;
				COPY_PHASE_STRIP = NO;
				DEBUG_INFORMATION_FORMAT = "dwarf-with-dsym";
				ENABLE_NS_ASSERTIONS = NO;
				ENABLE_STRICT_OBJC_MSGSEND = YES;
				ENABLE_USER_SCRIPT_SANDBOXING = YES;
				GCC_C_LANGUAGE_STANDARD = gnu17;
				GCC_NO_COMMON_BLOCKS = YES;
				GCC_WARN_64_TO_32_BIT_CONVERSION = YES;
				GCC_WARN_ABOUT_RETURN_TYPE = YES_ERROR;
				GCC_WARN_UNDECLARED_SELECTOR = YES;
				GCC_WARN_UNINITIALIZED_AUTOS = YES_AGGRESSIVE;
				GCC_WARN_UNUSED_FUNCTION = YES;
				GCC_WARN_UNUSED_VARIABLE = YES;
				IPHONEOS_DEPLOYMENT_TARGET = 17.5;
				LOCALIZATION_PREFERS_STRING_CATALOGS = YES;
				MTL_ENABLE_DEBUG_INFO = NO;
				MTL_FAST_MATH = YES;
				SDKROOT = iphoneos;
				SWIFT_COMPILATION_MODE = wholemodule;
				VALIDATE_PRODUCT = YES;
			};
			name = Release;
		};
		78E885192C15FC4E0079A05F /* Debug */ = {
			isa = XCBuildConfiguration;
			buildSettings = {
				ASSETCATALOG_COMPILER_APPICON_NAME = AppIcon;
				ASSETCATALOG_COMPILER_GLOBAL_ACCENT_COLOR_NAME = AccentColor;
				CODE_SIGN_STYLE = Automatic;
				CURRENT_PROJECT_VERSION = 1;
				DEVELOPMENT_ASSET_PATHS = "\"MapRun/Preview Content\"";
				DEVELOPMENT_TEAM = SCBCLHJ36K;
				ENABLE_PREVIEWS = YES;
				GENERATE_INFOPLIST_FILE = YES;
				INFOPLIST_FILE = MapRun/Info.plist;
				INFOPLIST_KEY_NSLocationAlwaysAndWhenInUseUsageDescription = "This app needs your location to track your runs.";
				INFOPLIST_KEY_NSLocationWhenInUseUsageDescription = "This app needs your location to track your runs.";
				INFOPLIST_KEY_UIApplicationSceneManifest_Generation = YES;
				INFOPLIST_KEY_UIApplicationSupportsIndirectInputEvents = YES;
				INFOPLIST_KEY_UILaunchScreen_Generation = YES;
				INFOPLIST_KEY_UISupportedInterfaceOrientations_iPad = "UIInterfaceOrientationPortrait UIInterfaceOrientationPortraitUpsideDown UIInterfaceOrientationLandscapeLeft UIInterfaceOrientationLandscapeRight";
				INFOPLIST_KEY_UISupportedInterfaceOrientations_iPhone = "UIInterfaceOrientationPortrait UIInterfaceOrientationLandscapeLeft UIInterfaceOrientationLandscapeRight";
				LD_RUNPATH_SEARCH_PATHS = (
					"$(inherited)",
					"@executable_path/Frameworks",
				);
				MARKETING_VERSION = 1.0;
				PRODUCT_BUNDLE_IDENTIFIER = me.Laurente.Igor.MapRun;
				PRODUCT_NAME = "$(TARGET_NAME)";
				SWIFT_EMIT_LOC_STRINGS = YES;
				SWIFT_VERSION = 5.0;
				TARGETED_DEVICE_FAMILY = "1,2";
			};
			name = Debug;
		};
		78E8851A2C15FC4E0079A05F /* Release */ = {
			isa = XCBuildConfiguration;
			buildSettings = {
				ASSETCATALOG_COMPILER_APPICON_NAME = AppIcon;
				ASSETCATALOG_COMPILER_GLOBAL_ACCENT_COLOR_NAME = AccentColor;
				CODE_SIGN_STYLE = Automatic;
				CURRENT_PROJECT_VERSION = 1;
				DEVELOPMENT_ASSET_PATHS = "\"MapRun/Preview Content\"";
				DEVELOPMENT_TEAM = SCBCLHJ36K;
				ENABLE_PREVIEWS = YES;
				GENERATE_INFOPLIST_FILE = YES;
				INFOPLIST_FILE = MapRun/Info.plist;
				INFOPLIST_KEY_NSLocationAlwaysAndWhenInUseUsageDescription = "This app needs your location to track your runs.";
				INFOPLIST_KEY_NSLocationWhenInUseUsageDescription = "This app needs your location to track your runs.";
				INFOPLIST_KEY_UIApplicationSceneManifest_Generation = YES;
				INFOPLIST_KEY_UIApplicationSupportsIndirectInputEvents = YES;
				INFOPLIST_KEY_UILaunchScreen_Generation = YES;
				INFOPLIST_KEY_UISupportedInterfaceOrientations_iPad = "UIInterfaceOrientationPortrait UIInterfaceOrientationPortraitUpsideDown UIInterfaceOrientationLandscapeLeft UIInterfaceOrientationLandscapeRight";
				INFOPLIST_KEY_UISupportedInterfaceOrientations_iPhone = "UIInterfaceOrientationPortrait UIInterfaceOrientationLandscapeLeft UIInterfaceOrientationLandscapeRight";
				LD_RUNPATH_SEARCH_PATHS = (
					"$(inherited)",
					"@executable_path/Frameworks",
				);
				MARKETING_VERSION = 1.0;
				PRODUCT_BUNDLE_IDENTIFIER = me.Laurente.Igor.MapRun;
				PRODUCT_NAME = "$(TARGET_NAME)";
				SWIFT_EMIT_LOC_STRINGS = YES;
				SWIFT_VERSION = 5.0;
				TARGETED_DEVICE_FAMILY = "1,2";
			};
			name = Release;
		};
/* End XCBuildConfiguration section */

/* Begin XCConfigurationList section */
		78E885052C15FC4C0079A05F /* Build configuration list for PBXProject "MapRun" */ = {
			isa = XCConfigurationList;
			buildConfigurations = (
				78E885162C15FC4E0079A05F /* Debug */,
				78E885172C15FC4E0079A05F /* Release */,
			);
			defaultConfigurationIsVisible = 0;
			defaultConfigurationName = Release;
		};
		78E885182C15FC4E0079A05F /* Build configuration list for PBXNativeTarget "MapRun" */ = {
			isa = XCConfigurationList;
			buildConfigurations = (
				78E885192C15FC4E0079A05F /* Debug */,
				78E8851A2C15FC4E0079A05F /* Release */,
			);
			defaultConfigurationIsVisible = 0;
			defaultConfigurationName = Release;
		};
/* End XCConfigurationList section */

/* Begin XCVersionGroup section */
		78D14C2E2CA6006900FF16AC /* Run.xcdatamodeld */ = {
			isa = XCVersionGroup;
			children = (
				78D14C2F2CA6006900FF16AC /* Run.xcdatamodel */,
			);
			currentVersion = 78D14C2F2CA6006900FF16AC /* Run.xcdatamodel */;
			path = Run.xcdatamodeld;
			sourceTree = "<group>";
			versionGroupType = wrapper.xcdatamodel;
		};
/* End XCVersionGroup section */
	};
	rootObject = 78E885022C15FC4C0079A05F /* Project object */;
}
